{
  "nodes": {
    "flake-utils": {
      "locked": {
        "lastModified": 1667395993,
        "narHash": "sha256-nuEHfE/LcWyuSWnS8t12N1wc105Qtau+/OdUAjtQ0rA=",
        "owner": "numtide",
        "repo": "flake-utils",
        "rev": "5aed5285a952e0b949eb3ba02c12fa4fcfef535f",
        "type": "github"
      },
      "original": {
        "owner": "numtide",
        "repo": "flake-utils",
        "type": "github"
      }
    },
    "flake-utils_2": {
      "locked": {
        "lastModified": 1667077288,
        "narHash": "sha256-bdC8sFNDpT0HK74u9fUkpbf1MEzVYJ+ka7NXCdgBoaA=",
        "owner": "numtide",
        "repo": "flake-utils",
        "rev": "6ee9ebb6b1ee695d2cacc4faa053a7b9baa76817",
        "type": "github"
      },
      "original": {
        "owner": "numtide",
        "repo": "flake-utils",
        "type": "github"
      }
    },
    "nixpkgs": {
      "locked": {
        "lastModified": 1668596599,
        "narHash": "sha256-rhHyZTGI31/OfgYa9xF49UTchDXTI94pEsSNa0fOkpk=",
        "owner": "NixOS",
        "repo": "nixpkgs",
        "rev": "b457130e8a21608675ddf12c7d85227b22a27112",
        "type": "github"
      },
      "original": {
        "owner": "NixOS",
        "ref": "nixos-unstable",
        "repo": "nixpkgs",
        "type": "github"
      }
    },
    "nixpkgs_2": {
      "locked": {
        "lastModified": 1667292599,
        "narHash": "sha256-7ISOUI1aj6UKMPIL+wwthENL22L3+A9V+jS8Is3QsRo=",
        "owner": "NixOS",
        "repo": "nixpkgs",
        "rev": "ef2f213d9659a274985778bff4ca322f3ef3ac68",
        "type": "github"
      },
      "original": {
        "id": "nixpkgs",
        "type": "indirect"
      }
    },
    "pre-commit-hooks": {
      "inputs": {
        "flake-utils": "flake-utils_2",
        "nixpkgs": "nixpkgs_2"
      },
      "locked": {
        "lastModified": 1667992213,
        "narHash": "sha256-8Ens8ozllvlaFMCZBxg6S7oUyynYx2v7yleC5M0jJsE=",
        "owner": "cachix",
        "repo": "pre-commit-hooks.nix",
        "rev": "ebcbfe09d2bd6d15f68de3a0ebb1e4dcb5cd324b",
        "type": "github"
      },
      "original": {
        "owner": "cachix",
        "repo": "pre-commit-hooks.nix",
        "type": "github"
      }
    },
    "root": {
      "inputs": {
        "flake-utils": "flake-utils",
        "nixpkgs": "nixpkgs",
        "pre-commit-hooks": "pre-commit-hooks",
        "rust-overlay": "rust-overlay"
      }
    },
    "rust-overlay": {
      "inputs": {
        "flake-utils": [
          "flake-utils"
        ],
        "nixpkgs": [
          "nixpkgs"
        ]
      },
      "locked": {
        "lastModified": 1668652668,
        "narHash": "sha256-kkl0U9OXMfzSKZX8rF/zSDMBHwzt7st32dyUqJGYNwU=",
        "owner": "oxalica",
        "repo": "rust-overlay",
        "rev": "c91265a3f0d28b3b1ad60a47c4764a45b111ed4b",
        "type": "github"
      },
      "original": {
        "owner": "oxalica",
        "repo": "rust-overlay",
        "type": "github"
      }
    }
  },
  "root": "root",
  "version": 7
}
